
Microsoft Visual Studio Solution File, Format Version 12.00
# Visual Studio Version 16
VisualStudioVersion = 16.0.32106.194
MinimumVisualStudioVersion = 10.0.40219.1
Project("{FAE04EC0-301F-11D3-BF4B-00C04F79EFBC}") = "CoursePlanner_RevF.Android", "CoursePlanner_RevF.Android\CoursePlanner_RevF.Android.csproj", "{2458EF49-F002-4D06-A5FE-02C80EECEE9A}"
EndProject
Project("{FAE04EC0-301F-11D3-BF4B-00C04F79EFBC}") = "CoursePlanner_RevF.iOS", "CoursePlanner_RevF.iOS\CoursePlanner_RevF.iOS.csproj", "{1A679029-CA5C-42EE-863F-6ADF4930C17E}"
EndProject
Project("{FAE04EC0-301F-11D3-BF4B-00C04F79EFBC}") = "CoursePlanner_RevF", "CoursePlanner_RevF\CoursePlanner_RevF.csproj", "{13714B70-D47E-4BF7-B391-91F95775BDE8}"
EndProject
Global
	GlobalSection(SolutionConfigurationPlatforms) = preSolution
		Debug|Any CPU = Debug|Any CPU
		Debug|iPhone = Debug|iPhone
		Debug|iPhoneSimulator = Debug|iPhoneSimulator
		Release|Any CPU = Release|Any CPU
		Release|iPhone = Release|iPhone
		Release|iPhoneSimulator = Release|iPhoneSimulator
	EndGlobalSection
	GlobalSection(ProjectConfigurationPlatforms) = postSolution
		{2458EF49-F002-4D06-A5FE-02C80EECEE9A}.Debug|Any CPU.ActiveCfg = Debug|Any CPU
		{2458EF49-F002-4D06-A5FE-02C80EECEE9A}.Debug|Any CPU.Build.0 = Debug|Any CPU
		{2458EF49-F002-4D06-A5FE-02C80EECEE9A}.Debug|Any CPU.Deploy.0 = Debug|Any CPU
		{2458EF49-F002-4D06-A5FE-02C80EECEE9A}.Debug|iPhone.ActiveCfg = Debug|Any CPU
		{2458EF49-F002-4D06-A5FE-02C80EECEE9A}.Debug|iPhone.Build.0 = Debug|Any CPU
		{2458EF49-F002-4D06-A5FE-02C80EECEE9A}.Debug|iPhone.Deploy.0 = Debug|Any CPU
		{2458EF49-F002-4D06-A5FE-02C80EECEE9A}.Debug|iPhoneSimulator.ActiveCfg = Debug|Any CPU
		{2458EF49-F002-4D06-A5FE-02C80EECEE9A}.Debug|iPhoneSimulator.Build.0 = Debug|Any CPU
		{2458EF49-F002-4D06-A5FE-02C80EECEE9A}.Debug|iPhoneSimulator.Deploy.0 = Debug|Any CPU
		{2458EF49-F002-4D06-A5FE-02C80EECEE9A}.Release|Any CPU.ActiveCfg = Release|Any CPU
		{2458EF49-F002-4D06-A5FE-02C80EECEE9A}.Release|Any CPU.Build.0 = Release|Any CPU
		{2458EF49-F002-4D06-A5FE-02C80EECEE9A}.Release|Any CPU.Deploy.0 = Release|Any CPU
		{2458EF49-F002-4D06-A5FE-02C80EECEE9A}.Release|iPhone.ActiveCfg = Release|Any CPU
		{2458EF49-F002-4D06-A5FE-02C80EECEE9A}.Release|iPhone.Build.0 = Release|Any CPU
		{2458EF49-F002-4D06-A5FE-02C80EECEE9A}.Release|iPhone.Deploy.0 = Release|Any CPU
		{2458EF49-F002-4D06-A5FE-02C80EECEE9A}.Release|iPhoneSimulator.ActiveCfg = Release|Any CPU
		{2458EF49-F002-4D06-A5FE-02C80EECEE9A}.Release|iPhoneSimulator.Build.0 = Release|Any CPU
		{2458EF49-F002-4D06-A5FE-02C80EECEE9A}.Release|iPhoneSimulator.Deploy.0 = Release|Any CPU
		{1A679029-CA5C-42EE-863F-6ADF4930C17E}.Debug|Any CPU.ActiveCfg = Debug|iPhone
		{1A679029-CA5C-42EE-863F-6ADF4930C17E}.Debug|Any CPU.Build.0 = Debug|iPhone
		{1A679029-CA5C-42EE-863F-6ADF4930C17E}.Debug|Any CPU.Deploy.0 = Debug|iPhone
		{1A679029-CA5C-42EE-863F-6ADF4930C17E}.Debug|iPhone.ActiveCfg = Debug|iPhone
		{1A679029-CA5C-42EE-863F-6ADF4930C17E}.Debug|iPhone.Build.0 = Debug|iPhone
		{1A679029-CA5C-42EE-863F-6ADF4930C17E}.Debug|iPhone.Deploy.0 = Debug|iPhone
		{1A679029-CA5C-42EE-863F-6ADF4930C17E}.Debug|iPhoneSimulator.ActiveCfg = Debug|iPhoneSimulator
		{1A679029-CA5C-42EE-863F-6ADF4930C17E}.Debug|iPhoneSimulator.Build.0 = Debug|iPhoneSimulator
		{1A679029-CA5C-42EE-863F-6ADF4930C17E}.Debug|iPhoneSimulator.Deploy.0 = Debug|iPhoneSimulator
		{1A679029-CA5C-42EE-863F-6ADF4930C17E}.Release|Any CPU.ActiveCfg = Release|iPhoneSimulator
		{1A679029-CA5C-42EE-863F-6ADF4930C17E}.Release|Any CPU.Build.0 = Release|iPhoneSimulator
		{1A679029-CA5C-42EE-863F-6ADF4930C17E}.Release|Any CPU.Deploy.0 = Release|iPhoneSimulator
		{1A679029-CA5C-42EE-863F-6ADF4930C17E}.Release|iPhone.ActiveCfg = Release|iPhone
		{1A679029-CA5C-42EE-863F-6ADF4930C17E}.Release|iPhone.Build.0 = Release|iPhone
		{1A679029-CA5C-42EE-863F-6ADF4930C17E}.Release|iPhone.Deploy.0 = Release|iPhone
		{1A679029-CA5C-42EE-863F-6ADF4930C17E}.Release|iPhoneSimulator.ActiveCfg = Release|iPhoneSimulator
		{1A679029-CA5C-42EE-863F-6ADF4930C17E}.Release|iPhoneSimulator.Build.0 = Release|iPhoneSimulator
		{1A679029-CA5C-42EE-863F-6ADF4930C17E}.Release|iPhoneSimulator.Deploy.0 = Release|iPhoneSimulator
		{13714B70-D47E-4BF7-B391-91F95775BDE8}.Debug|Any CPU.ActiveCfg = Debug|Any CPU
		{13714B70-D47E-4BF7-B391-91F95775BDE8}.Debug|Any CPU.Build.0 = Debug|Any CPU
		{13714B70-D47E-4BF7-B391-91F95775BDE8}.Debug|Any CPU.Deploy.0 = Debug|Any CPU
		{13714B70-D47E-4BF7-B391-91F95775BDE8}.Debug|iPhone.ActiveCfg = Debug|Any CPU
		{13714B70-D47E-4BF7-B391-91F95775BDE8}.Debug|iPhone.Build.0 = Debug|Any CPU
		{13714B70-D47E-4BF7-B391-91F95775BDE8}.Debug|iPhone.Deploy.0 = Debug|Any CPU
		{13714B70-D47E-4BF7-B391-91F95775BDE8}.Debug|iPhoneSimulator.ActiveCfg = Debug|Any CPU
		{13714B70-D47E-4BF7-B391-91F95775BDE8}.Debug|iPhoneSimulator.Build.0 = Debug|Any CPU
		{13714B70-D47E-4BF7-B391-91F95775BDE8}.Debug|iPhoneSimulator.Deploy.0 = Debug|Any CPU
		{13714B70-D47E-4BF7-B391-91F95775BDE8}.Release|Any CPU.ActiveCfg = Release|Any CPU
		{13714B70-D47E-4BF7-B391-91F95775BDE8}.Release|Any CPU.Build.0 = Release|Any CPU
		{13714B70-D47E-4BF7-B391-91F95775BDE8}.Release|Any CPU.Deploy.0 = Release|Any CPU
		{13714B70-D47E-4BF7-B391-91F95775BDE8}.Release|iPhone.ActiveCfg = Release|Any CPU
		{13714B70-D47E-4BF7-B391-91F95775BDE8}.Release|iPhone.Build.0 = Release|Any CPU
		{13714B70-D47E-4BF7-B391-91F95775BDE8}.Release|iPhone.Deploy.0 = Release|Any CPU
		{13714B70-D47E-4BF7-B391-91F95775BDE8}.Release|iPhoneSimulator.ActiveCfg = Release|Any CPU
		{13714B70-D47E-4BF7-B391-91F95775BDE8}.Release|iPhoneSimulator.Build.0 = Release|Any CPU
		{13714B70-D47E-4BF7-B391-91F95775BDE8}.Release|iPhoneSimulator.Deploy.0 = Release|Any CPU
	EndGlobalSection
	GlobalSection(SolutionProperties) = preSolution
		HideSolutionNode = FALSE
	EndGlobalSection
	GlobalSection(ExtensibilityGlobals) = postSolution
		SolutionGuid = {AD183BF2-C047-4C7C-A7E6-EB6DB3D7BA8A}
	EndGlobalSection
EndGlobal
